
Microsoft Visual Studio Solution File, Format Version 12.00
# Visual Studio 15
VisualStudioVersion = 15.0.28307.572
MinimumVisualStudioVersion = 10.0.40219.1
Project("{FAE04EC0-301F-11D3-BF4B-00C04F79EFBC}") = "Web-Request-Utility", "Web-Request-Utility\Web-Request-Utility.csproj", "{8D745623-11B3-4A79-8A59-9F3CB06E08F5}"
EndProject
Global
	GlobalSection(SolutionConfigurationPlatforms) = preSolution
		Debug|Any CPU = Debug|Any CPU
		Release|Any CPU = Release|Any CPU
	EndGlobalSection
	GlobalSection(ProjectConfigurationPlatforms) = postSolution
		{8D745623-11B3-4A79-8A59-9F3CB06E08F5}.Debug|Any CPU.ActiveCfg = Debug|Any CPU
		{8D745623-11B3-4A79-8A59-9F3CB06E08F5}.Debug|Any CPU.Build.0 = Debug|Any CPU
		{8D745623-11B3-4A79-8A59-9F3CB06E08F5}.Release|Any CPU.ActiveCfg = Release|Any CPU
		{8D745623-11B3-4A79-8A59-9F3CB06E08F5}.Release|Any CPU.Build.0 = Release|Any CPU
	EndGlobalSection
	GlobalSection(SolutionProperties) = preSolution
		HideSolutionNode = FALSE
	EndGlobalSection
	GlobalSection(ExtensibilityGlobals) = postSolution
		SolutionGuid = {9D5ABDDF-9F80-4B46-AC7F-E7EF542D3260}
	EndGlobalSection
EndGlobal
